// !$*UTF8*$!
{
	archiveVersion = 1;
	classes = {
	};
	objectVersion = 46;
	objects = {

/* Begin PBXBuildFile section */
		D007DC0B1A9B4901004E5D50 /* main.m in Sources */ = {isa = PBXBuildFile; fileRef = D007DC0A1A9B4901004E5D50 /* main.m */; };
		D007DC0E1A9B4901004E5D50 /* AppDelegate.m in Sources */ = {isa = PBXBuildFile; fileRef = D007DC0D1A9B4901004E5D50 /* AppDelegate.m */; };
		D007DC111A9B4901004E5D50 /* ViewController.m in Sources */ = {isa = PBXBuildFile; fileRef = D007DC101A9B4901004E5D50 /* ViewController.m */; };
		D007DC141A9B4901004E5D50 /* Main.storyboard in Resources */ = {isa = PBXBuildFile; fileRef = D007DC121A9B4901004E5D50 /* Main.storyboard */; };
		D007DC161A9B4901004E5D50 /* Images.xcassets in Resources */ = {isa = PBXBuildFile; fileRef = D007DC151A9B4901004E5D50 /* Images.xcassets */; };
		D007DC191A9B4901004E5D50 /* LaunchScreen.xib in Resources */ = {isa = PBXBuildFile; fileRef = D007DC171A9B4901004E5D50 /* LaunchScreen.xib */; };
		D007DC521A9B59A7004E5D50 /* M13ProgressView.m in Sources */ = {isa = PBXBuildFile; fileRef = D007DC361A9B59A7004E5D50 /* M13ProgressView.m */; };
		D007DC531A9B59A7004E5D50 /* M13ProgressViewBar.m in Sources */ = {isa = PBXBuildFile; fileRef = D007DC381A9B59A7004E5D50 /* M13ProgressViewBar.m */; };
		D007DC541A9B59A7004E5D50 /* M13ProgressViewBorderedBar.m in Sources */ = {isa = PBXBuildFile; fileRef = D007DC3A1A9B59A7004E5D50 /* M13ProgressViewBorderedBar.m */; };
		D007DC551A9B59A7004E5D50 /* M13ProgressViewFilteredImage.m in Sources */ = {isa = PBXBuildFile; fileRef = D007DC3C1A9B59A7004E5D50 /* M13ProgressViewFilteredImage.m */; };
		D007DC561A9B59A7004E5D50 /* M13ProgressViewImage.m in Sources */ = {isa = PBXBuildFile; fileRef = D007DC3E1A9B59A7004E5D50 /* M13ProgressViewImage.m */; };
		D007DC571A9B59A7004E5D50 /* M13ProgressViewMetro.m in Sources */ = {isa = PBXBuildFile; fileRef = D007DC401A9B59A7004E5D50 /* M13ProgressViewMetro.m */; };
		D007DC581A9B59A7004E5D50 /* M13ProgressViewMetroDotPolygon.m in Sources */ = {isa = PBXBuildFile; fileRef = D007DC421A9B59A7004E5D50 /* M13ProgressViewMetroDotPolygon.m */; };
		D007DC591A9B59A7004E5D50 /* M13ProgressViewPie.m in Sources */ = {isa = PBXBuildFile; fileRef = D007DC441A9B59A7004E5D50 /* M13ProgressViewPie.m */; };
		D007DC5A1A9B59A7004E5D50 /* M13ProgressViewRadiative.m in Sources */ = {isa = PBXBuildFile; fileRef = D007DC461A9B59A7004E5D50 /* M13ProgressViewRadiative.m */; };
		D007DC5B1A9B59A7004E5D50 /* M13ProgressViewRing.m in Sources */ = {isa = PBXBuildFile; fileRef = D007DC481A9B59A7004E5D50 /* M13ProgressViewRing.m */; };
		D007DC5C1A9B59A7004E5D50 /* M13ProgressViewSegmentedBar.m in Sources */ = {isa = PBXBuildFile; fileRef = D007DC4A1A9B59A7004E5D50 /* M13ProgressViewSegmentedBar.m */; };
		D007DC5D1A9B59A7004E5D50 /* M13ProgressViewSegmentedRing.m in Sources */ = {isa = PBXBuildFile; fileRef = D007DC4C1A9B59A7004E5D50 /* M13ProgressViewSegmentedRing.m */; };
		D007DC5E1A9B59A7004E5D50 /* M13ProgressViewStripedBar.m in Sources */ = {isa = PBXBuildFile; fileRef = D007DC4E1A9B59A7004E5D50 /* M13ProgressViewStripedBar.m */; };
		D007DC5F1A9B59A7004E5D50 /* UIColor-Expanded.m in Sources */ = {isa = PBXBuildFile; fileRef = D007DC511A9B59A7004E5D50 /* UIColor-Expanded.m */; };
		D008C6BD1A9C8C6800E7945E /* NSFileManager+Utilities.m in Sources */ = {isa = PBXBuildFile; fileRef = D008C6BC1A9C8C6800E7945E /* NSFileManager+Utilities.m */; };
/* End PBXBuildFile section */

/* Begin PBXFileReference section */
		D007DC051A9B4901004E5D50 /* Watch Ring Generator.app */ = {isa = PBXFileReference; explicitFileType = wrapper.application; includeInIndex = 0; path = "Watch Ring Generator.app"; sourceTree = BUILT_PRODUCTS_DIR; };
		D007DC091A9B4901004E5D50 /* Info.plist */ = {isa = PBXFileReference; lastKnownFileType = text.plist.xml; path = Info.plist; sourceTree = "<group>"; };
		D007DC0A1A9B4901004E5D50 /* main.m */ = {isa = PBXFileReference; lastKnownFileType = sourcecode.c.objc; path = main.m; sourceTree = "<group>"; };
		D007DC0C1A9B4901004E5D50 /* AppDelegate.h */ = {isa = PBXFileReference; lastKnownFileType = sourcecode.c.h; path = AppDelegate.h; sourceTree = "<group>"; };
		D007DC0D1A9B4901004E5D50 /* AppDelegate.m */ = {isa = PBXFileReference; lastKnownFileType = sourcecode.c.objc; path = AppDelegate.m; sourceTree = "<group>"; };
		D007DC0F1A9B4901004E5D50 /* ViewController.h */ = {isa = PBXFileReference; lastKnownFileType = sourcecode.c.h; path = ViewController.h; sourceTree = "<group>"; };
		D007DC101A9B4901004E5D50 /* ViewController.m */ = {isa = PBXFileReference; lastKnownFileType = sourcecode.c.objc; path = ViewController.m; sourceTree = "<group>"; };
		D007DC131A9B4901004E5D50 /* Base */ = {isa = PBXFileReference; lastKnownFileType = file.storyboard; name = Base; path = Base.lproj/Main.storyboard; sourceTree = "<group>"; };
		D007DC151A9B4901004E5D50 /* Images.xcassets */ = {isa = PBXFileReference; lastKnownFileType = folder.assetcatalog; path = Images.xcassets; sourceTree = "<group>"; };
		D007DC181A9B4901004E5D50 /* Base */ = {isa = PBXFileReference; lastKnownFileType = file.xib; name = Base; path = Base.lproj/LaunchScreen.xib; sourceTree = "<group>"; };
		D007DC351A9B59A7004E5D50 /* M13ProgressView.h */ = {isa = PBXFileReference; fileEncoding = 4; lastKnownFileType = sourcecode.c.h; path = M13ProgressView.h; sourceTree = "<group>"; };
		D007DC361A9B59A7004E5D50 /* M13ProgressView.m */ = {isa = PBXFileReference; fileEncoding = 4; lastKnownFileType = sourcecode.c.objc; path = M13ProgressView.m; sourceTree = "<group>"; };
		D007DC371A9B59A7004E5D50 /* M13ProgressViewBar.h */ = {isa = PBXFileReference; fileEncoding = 4; lastKnownFileType = sourcecode.c.h; path = M13ProgressViewBar.h; sourceTree = "<group>"; };
		D007DC381A9B59A7004E5D50 /* M13ProgressViewBar.m */ = {isa = PBXFileReference; fileEncoding = 4; lastKnownFileType = sourcecode.c.objc; path = M13ProgressViewBar.m; sourceTree = "<group>"; };
		D007DC391A9B59A7004E5D50 /* M13ProgressViewBorderedBar.h */ = {isa = PBXFileReference; fileEncoding = 4; lastKnownFileType = sourcecode.c.h; path = M13ProgressViewBorderedBar.h; sourceTree = "<group>"; };
		D007DC3A1A9B59A7004E5D50 /* M13ProgressViewBorderedBar.m */ = {isa = PBXFileReference; fileEncoding = 4; lastKnownFileType = sourcecode.c.objc; path = M13ProgressViewBorderedBar.m; sourceTree = "<group>"; };
		D007DC3B1A9B59A7004E5D50 /* M13ProgressViewFilteredImage.h */ = {isa = PBXFileReference; fileEncoding = 4; lastKnownFileType = sourcecode.c.h; path = M13ProgressViewFilteredImage.h; sourceTree = "<group>"; };
		D007DC3C1A9B59A7004E5D50 /* M13ProgressViewFilteredImage.m */ = {isa = PBXFileReference; fileEncoding = 4; lastKnownFileType = sourcecode.c.objc; path = M13ProgressViewFilteredImage.m; sourceTree = "<group>"; };
		D007DC3D1A9B59A7004E5D50 /* M13ProgressViewImage.h */ = {isa = PBXFileReference; fileEncoding = 4; lastKnownFileType = sourcecode.c.h; path = M13ProgressViewImage.h; sourceTree = "<group>"; };
		D007DC3E1A9B59A7004E5D50 /* M13ProgressViewImage.m */ = {isa = PBXFileReference; fileEncoding = 4; lastKnownFileType = sourcecode.c.objc; path = M13ProgressViewImage.m; sourceTree = "<group>"; };
		D007DC3F1A9B59A7004E5D50 /* M13ProgressViewMetro.h */ = {isa = PBXFileReference; fileEncoding = 4; lastKnownFileType = sourcecode.c.h; path = M13ProgressViewMetro.h; sourceTree = "<group>"; };
		D007DC401A9B59A7004E5D50 /* M13ProgressViewMetro.m */ = {isa = PBXFileReference; fileEncoding = 4; lastKnownFileType = sourcecode.c.objc; path = M13ProgressViewMetro.m; sourceTree = "<group>"; };
		D007DC411A9B59A7004E5D50 /* M13ProgressViewMetroDotPolygon.h */ = {isa = PBXFileReference; fileEncoding = 4; lastKnownFileType = sourcecode.c.h; path = M13ProgressViewMetroDotPolygon.h; sourceTree = "<group>"; };
		D007DC421A9B59A7004E5D50 /* M13ProgressViewMetroDotPolygon.m */ = {isa = PBXFileReference; fileEncoding = 4; lastKnownFileType = sourcecode.c.objc; path = M13ProgressViewMetroDotPolygon.m; sourceTree = "<group>"; };
		D007DC431A9B59A7004E5D50 /* M13ProgressViewPie.h */ = {isa = PBXFileReference; fileEncoding = 4; lastKnownFileType = sourcecode.c.h; path = M13ProgressViewPie.h; sourceTree = "<group>"; };
		D007DC441A9B59A7004E5D50 /* M13ProgressViewPie.m */ = {isa = PBXFileReference; fileEncoding = 4; lastKnownFileType = sourcecode.c.objc; path = M13ProgressViewPie.m; sourceTree = "<group>"; };
		D007DC451A9B59A7004E5D50 /* M13ProgressViewRadiative.h */ = {isa = PBXFileReference; fileEncoding = 4; lastKnownFileType = sourcecode.c.h; path = M13ProgressViewRadiative.h; sourceTree = "<group>"; };
		D007DC461A9B59A7004E5D50 /* M13ProgressViewRadiative.m */ = {isa = PBXFileReference; fileEncoding = 4; lastKnownFileType = sourcecode.c.objc; path = M13ProgressViewRadiative.m; sourceTree = "<group>"; };
		D007DC471A9B59A7004E5D50 /* M13ProgressViewRing.h */ = {isa = PBXFileReference; fileEncoding = 4; lastKnownFileType = sourcecode.c.h; path = M13ProgressViewRing.h; sourceTree = "<group>"; };
		D007DC481A9B59A7004E5D50 /* M13ProgressViewRing.m */ = {isa = PBXFileReference; fileEncoding = 4; lastKnownFileType = sourcecode.c.objc; path = M13ProgressViewRing.m; sourceTree = "<group>"; };
		D007DC491A9B59A7004E5D50 /* M13ProgressViewSegmentedBar.h */ = {isa = PBXFileReference; fileEncoding = 4; lastKnownFileType = sourcecode.c.h; path = M13ProgressViewSegmentedBar.h; sourceTree = "<group>"; };
		D007DC4A1A9B59A7004E5D50 /* M13ProgressViewSegmentedBar.m */ = {isa = PBXFileReference; fileEncoding = 4; lastKnownFileType = sourcecode.c.objc; path = M13ProgressViewSegmentedBar.m; sourceTree = "<group>"; };
		D007DC4B1A9B59A7004E5D50 /* M13ProgressViewSegmentedRing.h */ = {isa = PBXFileReference; fileEncoding = 4; lastKnownFileType = sourcecode.c.h; path = M13ProgressViewSegmentedRing.h; sourceTree = "<group>"; };
		D007DC4C1A9B59A7004E5D50 /* M13ProgressViewSegmentedRing.m */ = {isa = PBXFileReference; fileEncoding = 4; lastKnownFileType = sourcecode.c.objc; path = M13ProgressViewSegmentedRing.m; sourceTree = "<group>"; };
		D007DC4D1A9B59A7004E5D50 /* M13ProgressViewStripedBar.h */ = {isa = PBXFileReference; fileEncoding = 4; lastKnownFileType = sourcecode.c.h; path = M13ProgressViewStripedBar.h; sourceTree = "<group>"; };
		D007DC4E1A9B59A7004E5D50 /* M13ProgressViewStripedBar.m */ = {isa = PBXFileReference; fileEncoding = 4; lastKnownFileType = sourcecode.c.objc; path = M13ProgressViewStripedBar.m; sourceTree = "<group>"; };
		D007DC501A9B59A7004E5D50 /* UIColor-Expanded.h */ = {isa = PBXFileReference; fileEncoding = 4; lastKnownFileType = sourcecode.c.h; path = "UIColor-Expanded.h"; sourceTree = "<group>"; };
		D007DC511A9B59A7004E5D50 /* UIColor-Expanded.m */ = {isa = PBXFileReference; fileEncoding = 4; lastKnownFileType = sourcecode.c.objc; path = "UIColor-Expanded.m"; sourceTree = "<group>"; };
		D008C6BB1A9C8C6800E7945E /* NSFileManager+Utilities.h */ = {isa = PBXFileReference; fileEncoding = 4; lastKnownFileType = sourcecode.c.h; path = "NSFileManager+Utilities.h"; sourceTree = "<group>"; };
		D008C6BC1A9C8C6800E7945E /* NSFileManager+Utilities.m */ = {isa = PBXFileReference; fileEncoding = 4; lastKnownFileType = sourcecode.c.objc; path = "NSFileManager+Utilities.m"; sourceTree = "<group>"; };
/* End PBXFileReference section */

/* Begin PBXFrameworksBuildPhase section */
		D007DC021A9B4901004E5D50 /* Frameworks */ = {
			isa = PBXFrameworksBuildPhase;
			buildActionMask = 2147483647;
			files = (
			);
			runOnlyForDeploymentPostprocessing = 0;
		};
/* End PBXFrameworksBuildPhase section */

/* Begin PBXGroup section */
		D007DBFC1A9B4901004E5D50 = {
			isa = PBXGroup;
			children = (
				D007DC331A9B59A7004E5D50 /* Vendor */,
				D007DC071A9B4901004E5D50 /* Watch Ring Generator */,
				D007DC061A9B4901004E5D50 /* Products */,
			);
			sourceTree = "<group>";
		};
		D007DC061A9B4901004E5D50 /* Products */ = {
			isa = PBXGroup;
			children = (
				D007DC051A9B4901004E5D50 /* Watch Ring Generator.app */,
			);
			name = Products;
			sourceTree = "<group>";
		};
		D007DC071A9B4901004E5D50 /* Watch Ring Generator */ = {
			isa = PBXGroup;
			children = (
				D007DC0C1A9B4901004E5D50 /* AppDelegate.h */,
				D007DC0D1A9B4901004E5D50 /* AppDelegate.m */,
				D007DC0F1A9B4901004E5D50 /* ViewController.h */,
				D007DC101A9B4901004E5D50 /* ViewController.m */,
				D007DC121A9B4901004E5D50 /* Main.storyboard */,
				D007DC151A9B4901004E5D50 /* Images.xcassets */,
				D007DC171A9B4901004E5D50 /* LaunchScreen.xib */,
				D007DC081A9B4901004E5D50 /* Supporting Files */,
			);
			path = "Watch Ring Generator";
			sourceTree = "<group>";
		};
		D007DC081A9B4901004E5D50 /* Supporting Files */ = {
			isa = PBXGroup;
			children = (
				D007DC091A9B4901004E5D50 /* Info.plist */,
				D007DC0A1A9B4901004E5D50 /* main.m */,
			);
			name = "Supporting Files";
			sourceTree = "<group>";
		};
		D007DC331A9B59A7004E5D50 /* Vendor */ = {
			isa = PBXGroup;
			children = (
				D008C6BA1A9C8C6800E7945E /* NSFileManager+Utilities */,
				D007DC341A9B59A7004E5D50 /* M13ProgressSuite */,
				D007DC4F1A9B59A7004E5D50 /* UIColor+Utilities */,
			);
			path = Vendor;
			sourceTree = "<group>";
		};
		D007DC341A9B59A7004E5D50 /* M13ProgressSuite */ = {
			isa = PBXGroup;
			children = (
				D007DC351A9B59A7004E5D50 /* M13ProgressView.h */,
				D007DC361A9B59A7004E5D50 /* M13ProgressView.m */,
				D007DC371A9B59A7004E5D50 /* M13ProgressViewBar.h */,
				D007DC381A9B59A7004E5D50 /* M13ProgressViewBar.m */,
				D007DC391A9B59A7004E5D50 /* M13ProgressViewBorderedBar.h */,
				D007DC3A1A9B59A7004E5D50 /* M13ProgressViewBorderedBar.m */,
				D007DC3B1A9B59A7004E5D50 /* M13ProgressViewFilteredImage.h */,
				D007DC3C1A9B59A7004E5D50 /* M13ProgressViewFilteredImage.m */,
				D007DC3D1A9B59A7004E5D50 /* M13ProgressViewImage.h */,
				D007DC3E1A9B59A7004E5D50 /* M13ProgressViewImage.m */,
				D007DC3F1A9B59A7004E5D50 /* M13ProgressViewMetro.h */,
				D007DC401A9B59A7004E5D50 /* M13ProgressViewMetro.m */,
				D007DC411A9B59A7004E5D50 /* M13ProgressViewMetroDotPolygon.h */,
				D007DC421A9B59A7004E5D50 /* M13ProgressViewMetroDotPolygon.m */,
				D007DC431A9B59A7004E5D50 /* M13ProgressViewPie.h */,
				D007DC441A9B59A7004E5D50 /* M13ProgressViewPie.m */,
				D007DC451A9B59A7004E5D50 /* M13ProgressViewRadiative.h */,
				D007DC461A9B59A7004E5D50 /* M13ProgressViewRadiative.m */,
				D007DC471A9B59A7004E5D50 /* M13ProgressViewRing.h */,
				D007DC481A9B59A7004E5D50 /* M13ProgressViewRing.m */,
				D007DC491A9B59A7004E5D50 /* M13ProgressViewSegmentedBar.h */,
				D007DC4A1A9B59A7004E5D50 /* M13ProgressViewSegmentedBar.m */,
				D007DC4B1A9B59A7004E5D50 /* M13ProgressViewSegmentedRing.h */,
				D007DC4C1A9B59A7004E5D50 /* M13ProgressViewSegmentedRing.m */,
				D007DC4D1A9B59A7004E5D50 /* M13ProgressViewStripedBar.h */,
				D007DC4E1A9B59A7004E5D50 /* M13ProgressViewStripedBar.m */,
			);
			path = M13ProgressSuite;
			sourceTree = "<group>";
		};
		D007DC4F1A9B59A7004E5D50 /* UIColor+Utilities */ = {
			isa = PBXGroup;
			children = (
				D007DC501A9B59A7004E5D50 /* UIColor-Expanded.h */,
				D007DC511A9B59A7004E5D50 /* UIColor-Expanded.m */,
			);
			path = "UIColor+Utilities";
			sourceTree = "<group>";
		};
		D008C6BA1A9C8C6800E7945E /* NSFileManager+Utilities */ = {
			isa = PBXGroup;
			children = (
				D008C6BB1A9C8C6800E7945E /* NSFileManager+Utilities.h */,
				D008C6BC1A9C8C6800E7945E /* NSFileManager+Utilities.m */,
			);
			path = "NSFileManager+Utilities";
			sourceTree = "<group>";
		};
/* End PBXGroup section */

/* Begin PBXNativeTarget section */
		D007DC041A9B4901004E5D50 /* Watch Ring Generator */ = {
			isa = PBXNativeTarget;
			buildConfigurationList = D007DC281A9B4901004E5D50 /* Build configuration list for PBXNativeTarget "Watch Ring Generator" */;
			buildPhases = (
				D007DC011A9B4901004E5D50 /* Sources */,
				D007DC021A9B4901004E5D50 /* Frameworks */,
				D007DC031A9B4901004E5D50 /* Resources */,
			);
			buildRules = (
			);
			dependencies = (
			);
			name = "Watch Ring Generator";
			productName = "Watch Ring Generator";
			productReference = D007DC051A9B4901004E5D50 /* Watch Ring Generator.app */;
			productType = "com.apple.product-type.application";
		};
/* End PBXNativeTarget section */

/* Begin PBXProject section */
		D007DBFD1A9B4901004E5D50 /* Project object */ = {
			isa = PBXProject;
			attributes = {
				LastUpgradeCheck = 0620;
				ORGANIZATIONNAME = "Radiant Tap";
				TargetAttributes = {
					D007DC041A9B4901004E5D50 = {
						CreatedOnToolsVersion = 6.2;
					};
				};
			};
			buildConfigurationList = D007DC001A9B4901004E5D50 /* Build configuration list for PBXProject "Watch Ring Generator" */;
			compatibilityVersion = "Xcode 3.2";
			developmentRegion = English;
			hasScannedForEncodings = 0;
			knownRegions = (
				en,
				Base,
			);
			mainGroup = D007DBFC1A9B4901004E5D50;
			productRefGroup = D007DC061A9B4901004E5D50 /* Products */;
			projectDirPath = "";
			projectRoot = "";
			targets = (
				D007DC041A9B4901004E5D50 /* Watch Ring Generator */,
			);
		};
/* End PBXProject section */

/* Begin PBXResourcesBuildPhase section */
		D007DC031A9B4901004E5D50 /* Resources */ = {
			isa = PBXResourcesBuildPhase;
			buildActionMask = 2147483647;
			files = (
				D007DC141A9B4901004E5D50 /* Main.storyboard in Resources */,
				D007DC191A9B4901004E5D50 /* LaunchScreen.xib in Resources */,
				D007DC161A9B4901004E5D50 /* Images.xcassets in Resources */,
			);
			runOnlyForDeploymentPostprocessing = 0;
		};
/* End PBXResourcesBuildPhase section */

/* Begin PBXSourcesBuildPhase section */
		D007DC011A9B4901004E5D50 /* Sources */ = {
			isa = PBXSourcesBuildPhase;
			buildActionMask = 2147483647;
			files = (
				D007DC551A9B59A7004E5D50 /* M13ProgressViewFilteredImage.m in Sources */,
				D007DC531A9B59A7004E5D50 /* M13ProgressViewBar.m in Sources */,
				D007DC571A9B59A7004E5D50 /* M13ProgressViewMetro.m in Sources */,
				D008C6BD1A9C8C6800E7945E /* NSFileManager+Utilities.m in Sources */,
				D007DC5A1A9B59A7004E5D50 /* M13ProgressViewRadiative.m in Sources */,
				D007DC111A9B4901004E5D50 /* ViewController.m in Sources */,
				D007DC5D1A9B59A7004E5D50 /* M13ProgressViewSegmentedRing.m in Sources */,
				D007DC581A9B59A7004E5D50 /* M13ProgressViewMetroDotPolygon.m in Sources */,
				D007DC5F1A9B59A7004E5D50 /* UIColor-Expanded.m in Sources */,
				D007DC5E1A9B59A7004E5D50 /* M13ProgressViewStripedBar.m in Sources */,
				D007DC541A9B59A7004E5D50 /* M13ProgressViewBorderedBar.m in Sources */,
				D007DC521A9B59A7004E5D50 /* M13ProgressView.m in Sources */,
				D007DC561A9B59A7004E5D50 /* M13ProgressViewImage.m in Sources */,
				D007DC0E1A9B4901004E5D50 /* AppDelegate.m in Sources */,
				D007DC591A9B59A7004E5D50 /* M13ProgressViewPie.m in Sources */,
				D007DC0B1A9B4901004E5D50 /* main.m in Sources */,
				D007DC5C1A9B59A7004E5D50 /* M13ProgressViewSegmentedBar.m in Sources */,
				D007DC5B1A9B59A7004E5D50 /* M13ProgressViewRing.m in Sources */,
			);
			runOnlyForDeploymentPostprocessing = 0;
		};
/* End PBXSourcesBuildPhase section */

/* Begin PBXVariantGroup section */
		D007DC121A9B4901004E5D50 /* Main.storyboard */ = {
			isa = PBXVariantGroup;
			children = (
				D007DC131A9B4901004E5D50 /* Base */,
			);
			name = Main.storyboard;
			sourceTree = "<group>";
		};
		D007DC171A9B4901004E5D50 /* LaunchScreen.xib */ = {
			isa = PBXVariantGroup;
			children = (
				D007DC181A9B4901004E5D50 /* Base */,
			);
			name = LaunchScreen.xib;
			sourceTree = "<group>";
		};
/* End PBXVariantGroup section */

/* Begin XCBuildConfiguration section */
		D007DC261A9B4901004E5D50 /* Debug */ = {
			isa = XCBuildConfiguration;
			buildSettings = {
				ALWAYS_SEARCH_USER_PATHS = NO;
				CLANG_CXX_LANGUAGE_STANDARD = "gnu++0x";
				CLANG_CXX_LIBRARY = "libc++";
				CLANG_ENABLE_MODULES = YES;
				CLANG_ENABLE_OBJC_ARC = YES;
				CLANG_WARN_BOOL_CONVERSION = YES;
				CLANG_WARN_CONSTANT_CONVERSION = YES;
				CLANG_WARN_DIRECT_OBJC_ISA_USAGE = YES_ERROR;
				CLANG_WARN_EMPTY_BODY = YES;
				CLANG_WARN_ENUM_CONVERSION = YES;
				CLANG_WARN_INT_CONVERSION = YES;
				CLANG_WARN_OBJC_ROOT_CLASS = YES_ERROR;
				CLANG_WARN_UNREACHABLE_CODE = YES;
				CLANG_WARN__DUPLICATE_METHOD_MATCH = YES;
				"CODE_SIGN_IDENTITY[sdk=iphoneos*]" = "iPhone Developer";
				COPY_PHASE_STRIP = NO;
				ENABLE_STRICT_OBJC_MSGSEND = YES;
				GCC_C_LANGUAGE_STANDARD = gnu99;
				GCC_DYNAMIC_NO_PIC = NO;
				GCC_OPTIMIZATION_LEVEL = 0;
				GCC_PREPROCESSOR_DEFINITIONS = (
					"DEBUG=1",
					"$(inherited)",
				);
				GCC_SYMBOLS_PRIVATE_EXTERN = NO;
				GCC_WARN_64_TO_32_BIT_CONVERSION = YES;
				GCC_WARN_ABOUT_RETURN_TYPE = YES_ERROR;
				GCC_WARN_UNDECLARED_SELECTOR = YES;
				GCC_WARN_UNINITIALIZED_AUTOS = YES_AGGRESSIVE;
				GCC_WARN_UNUSED_FUNCTION = YES;
				GCC_WARN_UNUSED_VARIABLE = YES;
				IPHONEOS_DEPLOYMENT_TARGET = 8.2;
				MTL_ENABLE_DEBUG_INFO = YES;
				ONLY_ACTIVE_ARCH = YES;
				SDKROOT = iphoneos;
				TARGETED_DEVICE_FAMILY = "1,2";
			};
			name = Debug;
		};
		D007DC271A9B4901004E5D50 /* Release */ = {
			isa = XCBuildConfiguration;
			buildSettings = {
				ALWAYS_SEARCH_USER_PATHS = NO;
				CLANG_CXX_LANGUAGE_STANDARD = "gnu++0x";
				CLANG_CXX_LIBRARY = "libc++";
				CLANG_ENABLE_MODULES = YES;
				CLANG_ENABLE_OBJC_ARC = YES;
				CLANG_WARN_BOOL_CONVERSION = YES;
				CLANG_WARN_CONSTANT_CONVERSION = YES;
				CLANG_WARN_DIRECT_OBJC_ISA_USAGE = YES_ERROR;
				CLANG_WARN_EMPTY_BODY = YES;
				CLANG_WARN_ENUM_CONVERSION = YES;
				CLANG_WARN_INT_CONVERSION = YES;
				CLANG_WARN_OBJC_ROOT_CLASS = YES_ERROR;
				CLANG_WARN_UNREACHABLE_CODE = YES;
				CLANG_WARN__DUPLICATE_METHOD_MATCH = YES;
				"CODE_SIGN_IDENTITY[sdk=iphoneos*]" = "iPhone Developer";
				COPY_PHASE_STRIP = NO;
				ENABLE_NS_ASSERTIONS = NO;
				ENABLE_STRICT_OBJC_MSGSEND = YES;
				GCC_C_LANGUAGE_STANDARD = gnu99;
				GCC_WARN_64_TO_32_BIT_CONVERSION = YES;
				GCC_WARN_ABOUT_RETURN_TYPE = YES_ERROR;
				GCC_WARN_UNDECLARED_SELECTOR = YES;
				GCC_WARN_UNINITIALIZED_AUTOS = YES_AGGRESSIVE;
				GCC_WARN_UNUSED_FUNCTION = YES;
				GCC_WARN_UNUSED_VARIABLE = YES;
				IPHONEOS_DEPLOYMENT_TARGET = 8.2;
				MTL_ENABLE_DEBUG_INFO = NO;
				SDKROOT = iphoneos;
				TARGETED_DEVICE_FAMILY = "1,2";
				VALIDATE_PRODUCT = YES;
			};
			name = Release;
		};
		D007DC291A9B4901004E5D50 /* Debug */ = {
			isa = XCBuildConfiguration;
			buildSettings = {
				ASSETCATALOG_COMPILER_APPICON_NAME = AppIcon;
				INFOPLIST_FILE = "Watch Ring Generator/Info.plist";
				LD_RUNPATH_SEARCH_PATHS = "$(inherited) @executable_path/Frameworks";
				PRODUCT_NAME = "$(TARGET_NAME)";
			};
			name = Debug;
		};
		D007DC2A1A9B4901004E5D50 /* Release */ = {
			isa = XCBuildConfiguration;
			buildSettings = {
				ASSETCATALOG_COMPILER_APPICON_NAME = AppIcon;
				INFOPLIST_FILE = "Watch Ring Generator/Info.plist";
				LD_RUNPATH_SEARCH_PATHS = "$(inherited) @executable_path/Frameworks";
				PRODUCT_NAME = "$(TARGET_NAME)";
			};
			name = Release;
		};
/* End XCBuildConfiguration section */

/* Begin XCConfigurationList section */
		D007DC001A9B4901004E5D50 /* Build configuration list for PBXProject "Watch Ring Generator" */ = {
			isa = XCConfigurationList;
			buildConfigurations = (
				D007DC261A9B4901004E5D50 /* Debug */,
				D007DC271A9B4901004E5D50 /* Release */,
			);
			defaultConfigurationIsVisible = 0;
			defaultConfigurationName = Release;
		};
		D007DC281A9B4901004E5D50 /* Build configuration list for PBXNativeTarget "Watch Ring Generator" */ = {
			isa = XCConfigurationList;
			buildConfigurations = (
				D007DC291A9B4901004E5D50 /* Debug */,
				D007DC2A1A9B4901004E5D50 /* Release */,
			);
			defaultConfigurationIsVisible = 0;
			defaultConfigurationName = Release;
		};
/* End XCConfigurationList section */
	};
	rootObject = D007DBFD1A9B4901004E5D50 /* Project object */;
}
